
Microsoft Visual Studio Solution File, Format Version 12.00
# Visual Studio Version 16
VisualStudioVersion = 16.0.29001.49
MinimumVisualStudioVersion = 10.0.40219.1
Project("{9A19103F-16F7-4668-BE54-9A1E7A4F7556}") = "Ecommerce.Web", "src\Ecommerce.Web\Ecommerce.Web.csproj", "{029871D7-EF47-4E75-B516-876B7E980DA8}"
EndProject
Project("{9A19103F-16F7-4668-BE54-9A1E7A4F7556}") = "Ecommerce.App", "src\Ecommerce.App\Ecommerce.App.csproj", "{1C746B38-F86E-4DB2-9FE3-F4EFD801E4A6}"
EndProject
Project("{9A19103F-16F7-4668-BE54-9A1E7A4F7556}") = "Ecommerce.Domain", "src\Ecommerce.Domain\Ecommerce.Domain.csproj", "{A61D70C8-9A61-4ECD-8A0B-0CA99251B1A3}"
EndProject
Project("{9A19103F-16F7-4668-BE54-9A1E7A4F7556}") = "Ecommerce.Infra", "src\Ecommerce.Infra\Ecommerce.Infra.csproj", "{7ED4D32E-0CB4-45B8-8599-CBAC749F761D}"
EndProject
Project("{2150E333-8FDC-42A3-9474-1A3956D46DE8}") = "src", "src", "{E850BC21-A680-429D-8B67-6DECED89E3D0}"
EndProject
Global
	GlobalSection(SolutionConfigurationPlatforms) = preSolution
		Debug|Any CPU = Debug|Any CPU
		Release|Any CPU = Release|Any CPU
	EndGlobalSection
	GlobalSection(ProjectConfigurationPlatforms) = postSolution
		{029871D7-EF47-4E75-B516-876B7E980DA8}.Debug|Any CPU.ActiveCfg = Debug|Any CPU
		{029871D7-EF47-4E75-B516-876B7E980DA8}.Debug|Any CPU.Build.0 = Debug|Any CPU
		{029871D7-EF47-4E75-B516-876B7E980DA8}.Release|Any CPU.ActiveCfg = Release|Any CPU
		{029871D7-EF47-4E75-B516-876B7E980DA8}.Release|Any CPU.Build.0 = Release|Any CPU
		{1C746B38-F86E-4DB2-9FE3-F4EFD801E4A6}.Debug|Any CPU.ActiveCfg = Debug|Any CPU
		{1C746B38-F86E-4DB2-9FE3-F4EFD801E4A6}.Debug|Any CPU.Build.0 = Debug|Any CPU
		{1C746B38-F86E-4DB2-9FE3-F4EFD801E4A6}.Release|Any CPU.ActiveCfg = Release|Any CPU
		{1C746B38-F86E-4DB2-9FE3-F4EFD801E4A6}.Release|Any CPU.Build.0 = Release|Any CPU
		{A61D70C8-9A61-4ECD-8A0B-0CA99251B1A3}.Debug|Any CPU.ActiveCfg = Debug|Any CPU
		{A61D70C8-9A61-4ECD-8A0B-0CA99251B1A3}.Debug|Any CPU.Build.0 = Debug|Any CPU
		{A61D70C8-9A61-4ECD-8A0B-0CA99251B1A3}.Release|Any CPU.ActiveCfg = Release|Any CPU
		{A61D70C8-9A61-4ECD-8A0B-0CA99251B1A3}.Release|Any CPU.Build.0 = Release|Any CPU
		{7ED4D32E-0CB4-45B8-8599-CBAC749F761D}.Debug|Any CPU.ActiveCfg = Debug|Any CPU
		{7ED4D32E-0CB4-45B8-8599-CBAC749F761D}.Debug|Any CPU.Build.0 = Debug|Any CPU
		{7ED4D32E-0CB4-45B8-8599-CBAC749F761D}.Release|Any CPU.ActiveCfg = Release|Any CPU
		{7ED4D32E-0CB4-45B8-8599-CBAC749F761D}.Release|Any CPU.Build.0 = Release|Any CPU
	EndGlobalSection
	GlobalSection(SolutionProperties) = preSolution
		HideSolutionNode = FALSE
	EndGlobalSection
	GlobalSection(NestedProjects) = preSolution
		{029871D7-EF47-4E75-B516-876B7E980DA8} = {E850BC21-A680-429D-8B67-6DECED89E3D0}
		{1C746B38-F86E-4DB2-9FE3-F4EFD801E4A6} = {E850BC21-A680-429D-8B67-6DECED89E3D0}
		{A61D70C8-9A61-4ECD-8A0B-0CA99251B1A3} = {E850BC21-A680-429D-8B67-6DECED89E3D0}
		{7ED4D32E-0CB4-45B8-8599-CBAC749F761D} = {E850BC21-A680-429D-8B67-6DECED89E3D0}
	EndGlobalSection
	GlobalSection(ExtensibilityGlobals) = postSolution
		SolutionGuid = {7D27B7FE-0E97-4305-99C3-23FF60988D42}
	EndGlobalSection
EndGlobal
