
Microsoft Visual Studio Solution File, Format Version 12.00
# Visual Studio 15
VisualStudioVersion = 15.0.27004.2010
MinimumVisualStudioVersion = 10.0.40219.1
Project("{FAE04EC0-301F-11D3-BF4B-00C04F79EFBC}") = "Ecommerce", "Ecommerce\Ecommerce.csproj", "{029871D7-EF47-4E75-B516-876B7E980DA8}"
EndProject
Global
	GlobalSection(SolutionConfigurationPlatforms) = preSolution
		Debug|Any CPU = Debug|Any CPU
		Release|Any CPU = Release|Any CPU
	EndGlobalSection
	GlobalSection(ProjectConfigurationPlatforms) = postSolution
		{029871D7-EF47-4E75-B516-876B7E980DA8}.Debug|Any CPU.ActiveCfg = Debug|Any CPU
		{029871D7-EF47-4E75-B516-876B7E980DA8}.Debug|Any CPU.Build.0 = Debug|Any CPU
		{029871D7-EF47-4E75-B516-876B7E980DA8}.Release|Any CPU.ActiveCfg = Release|Any CPU
		{029871D7-EF47-4E75-B516-876B7E980DA8}.Release|Any CPU.Build.0 = Release|Any CPU
	EndGlobalSection
	GlobalSection(SolutionProperties) = preSolution
		HideSolutionNode = FALSE
	EndGlobalSection
	GlobalSection(ExtensibilityGlobals) = postSolution
		SolutionGuid = {7D27B7FE-0E97-4305-99C3-23FF60988D42}
	EndGlobalSection
EndGlobal
